
Microsoft Visual Studio Solution File, Format Version 12.00
# Visual Studio 2012
Project("{FAE04EC0-301F-11D3-BF4B-00C04F79EFBC}") = "EmployeeNameSearchApp", "EmployeeNameSearchApp\EmployeeNameSearchApp.csproj", "{1EDD17A8-0B86-4152-B0B1-2468DD00DAA7}"
EndProject
Project("{FAE04EC0-301F-11D3-BF4B-00C04F79EFBC}") = "EmployeeSearch-CommonUtility", "EmployeeSearch-CommonUtility\EmployeeSearch-CommonUtility.csproj", "{C9E500B7-49B6-411A-98C8-67CA122D0B71}"
EndProject
Project("{FAE04EC0-301F-11D3-BF4B-00C04F79EFBC}") = "EmployeeSearch-Testing", "EmployeeSearch-Testing\EmployeeSearch-Testing.csproj", "{BA481FDE-E5D1-442A-BBC1-57F43AA2AA74}"
EndProject
Global
	GlobalSection(SolutionConfigurationPlatforms) = preSolution
		Debug|Any CPU = Debug|Any CPU
		Release|Any CPU = Release|Any CPU
	EndGlobalSection
	GlobalSection(ProjectConfigurationPlatforms) = postSolution
		{1EDD17A8-0B86-4152-B0B1-2468DD00DAA7}.Debug|Any CPU.ActiveCfg = Debug|Any CPU
		{1EDD17A8-0B86-4152-B0B1-2468DD00DAA7}.Debug|Any CPU.Build.0 = Debug|Any CPU
		{1EDD17A8-0B86-4152-B0B1-2468DD00DAA7}.Release|Any CPU.ActiveCfg = Release|Any CPU
		{1EDD17A8-0B86-4152-B0B1-2468DD00DAA7}.Release|Any CPU.Build.0 = Release|Any CPU
		{C9E500B7-49B6-411A-98C8-67CA122D0B71}.Debug|Any CPU.ActiveCfg = Debug|Any CPU
		{C9E500B7-49B6-411A-98C8-67CA122D0B71}.Debug|Any CPU.Build.0 = Debug|Any CPU
		{C9E500B7-49B6-411A-98C8-67CA122D0B71}.Release|Any CPU.ActiveCfg = Release|Any CPU
		{C9E500B7-49B6-411A-98C8-67CA122D0B71}.Release|Any CPU.Build.0 = Release|Any CPU
		{BA481FDE-E5D1-442A-BBC1-57F43AA2AA74}.Debug|Any CPU.ActiveCfg = Debug|Any CPU
		{BA481FDE-E5D1-442A-BBC1-57F43AA2AA74}.Debug|Any CPU.Build.0 = Debug|Any CPU
		{BA481FDE-E5D1-442A-BBC1-57F43AA2AA74}.Release|Any CPU.ActiveCfg = Release|Any CPU
		{BA481FDE-E5D1-442A-BBC1-57F43AA2AA74}.Release|Any CPU.Build.0 = Release|Any CPU
	EndGlobalSection
	GlobalSection(SolutionProperties) = preSolution
		HideSolutionNode = FALSE
	EndGlobalSection
EndGlobal
