
Microsoft Visual Studio Solution File, Format Version 12.00
# Visual Studio 15
VisualStudioVersion = 15.0.28307.136
MinimumVisualStudioVersion = 10.0.40219.1
Project("{FAE04EC0-301F-11D3-BF4B-00C04F79EFBC}") = "NameSearch.Data", "NameSearch.Data\NameSearch.Data.csproj", "{C1EEC428-9062-4076-8BC5-6C08E199BCE0}"
EndProject
Project("{FAE04EC0-301F-11D3-BF4B-00C04F79EFBC}") = "NameSearch.Service", "NameSearch.Service\NameSearch.Service.csproj", "{61D54765-7C94-4F7D-83E5-877C91E271FF}"
EndProject
Project("{FAE04EC0-301F-11D3-BF4B-00C04F79EFBC}") = "NameSearch.Service.Tests", "NameSearch.Service.Tests\NameSearch.Service.Tests.csproj", "{E92C204B-4F0D-44D3-AC16-4D704CCBB65F}"
EndProject
Project("{2150E333-8FDC-42A3-9474-1A3956D46DE8}") = "Tests", "Tests", "{720697E9-8414-435D-A0E4-DEC984B16C23}"
EndProject
Project("{FAE04EC0-301F-11D3-BF4B-00C04F79EFBC}") = "NameSearch.Web", "NameSearch.Web\NameSearch.Web.csproj", "{920E3ED8-8C49-42F4-9253-F772B0E055A8}"
EndProject
Global
	GlobalSection(SolutionConfigurationPlatforms) = preSolution
		Debug|Any CPU = Debug|Any CPU
		Release|Any CPU = Release|Any CPU
	EndGlobalSection
	GlobalSection(ProjectConfigurationPlatforms) = postSolution
		{C1EEC428-9062-4076-8BC5-6C08E199BCE0}.Debug|Any CPU.ActiveCfg = Debug|Any CPU
		{C1EEC428-9062-4076-8BC5-6C08E199BCE0}.Debug|Any CPU.Build.0 = Debug|Any CPU
		{C1EEC428-9062-4076-8BC5-6C08E199BCE0}.Release|Any CPU.ActiveCfg = Release|Any CPU
		{C1EEC428-9062-4076-8BC5-6C08E199BCE0}.Release|Any CPU.Build.0 = Release|Any CPU
		{61D54765-7C94-4F7D-83E5-877C91E271FF}.Debug|Any CPU.ActiveCfg = Debug|Any CPU
		{61D54765-7C94-4F7D-83E5-877C91E271FF}.Debug|Any CPU.Build.0 = Debug|Any CPU
		{61D54765-7C94-4F7D-83E5-877C91E271FF}.Release|Any CPU.ActiveCfg = Release|Any CPU
		{61D54765-7C94-4F7D-83E5-877C91E271FF}.Release|Any CPU.Build.0 = Release|Any CPU
		{E92C204B-4F0D-44D3-AC16-4D704CCBB65F}.Debug|Any CPU.ActiveCfg = Debug|Any CPU
		{E92C204B-4F0D-44D3-AC16-4D704CCBB65F}.Debug|Any CPU.Build.0 = Debug|Any CPU
		{E92C204B-4F0D-44D3-AC16-4D704CCBB65F}.Release|Any CPU.ActiveCfg = Release|Any CPU
		{E92C204B-4F0D-44D3-AC16-4D704CCBB65F}.Release|Any CPU.Build.0 = Release|Any CPU
		{920E3ED8-8C49-42F4-9253-F772B0E055A8}.Debug|Any CPU.ActiveCfg = Debug|Any CPU
		{920E3ED8-8C49-42F4-9253-F772B0E055A8}.Debug|Any CPU.Build.0 = Debug|Any CPU
		{920E3ED8-8C49-42F4-9253-F772B0E055A8}.Release|Any CPU.ActiveCfg = Release|Any CPU
		{920E3ED8-8C49-42F4-9253-F772B0E055A8}.Release|Any CPU.Build.0 = Release|Any CPU
	EndGlobalSection
	GlobalSection(SolutionProperties) = preSolution
		HideSolutionNode = FALSE
	EndGlobalSection
	GlobalSection(NestedProjects) = preSolution
		{E92C204B-4F0D-44D3-AC16-4D704CCBB65F} = {720697E9-8414-435D-A0E4-DEC984B16C23}
	EndGlobalSection
	GlobalSection(ExtensibilityGlobals) = postSolution
		SolutionGuid = {BC4852D3-E35E-4534-BCE9-394A00F1366E}
	EndGlobalSection
EndGlobal
