
Microsoft Visual Studio Solution File, Format Version 12.00
# Visual Studio 15
VisualStudioVersion = 15.0.28307.168
MinimumVisualStudioVersion = 10.0.40219.1
Project("{FAE04EC0-301F-11D3-BF4B-00C04F79EFBC}") = "PlusConsulting.NameSearch.SearchEngine", "PlusConsulting.NameSearch.SearchCritera\PlusConsulting.NameSearch.SearchEngine.csproj", "{DDBFBDC8-8B91-4A0B-90EC-B3A128B7D973}"
EndProject
Project("{FAE04EC0-301F-11D3-BF4B-00C04F79EFBC}") = "PlusConsulting.NameSearch.Tests", "PlusConsulting.NameSearch.SearchEngineTests\PlusConsulting.NameSearch.Tests.csproj", "{A4341878-79F5-41E4-9A2B-17CB3EE2FF23}"
EndProject
Project("{FAE04EC0-301F-11D3-BF4B-00C04F79EFBC}") = "PlusConsulting.NameSearch.WpfApp", "PlusConsulting.NameSearch.WpfApp\PlusConsulting.NameSearch.WpfApp.csproj", "{773DC5F0-3ABE-4169-BD3E-62447EA6AC3E}"
EndProject
Global
	GlobalSection(SolutionConfigurationPlatforms) = preSolution
		Debug|Any CPU = Debug|Any CPU
		Release|Any CPU = Release|Any CPU
	EndGlobalSection
	GlobalSection(ProjectConfigurationPlatforms) = postSolution
		{DDBFBDC8-8B91-4A0B-90EC-B3A128B7D973}.Debug|Any CPU.ActiveCfg = Debug|Any CPU
		{DDBFBDC8-8B91-4A0B-90EC-B3A128B7D973}.Debug|Any CPU.Build.0 = Debug|Any CPU
		{DDBFBDC8-8B91-4A0B-90EC-B3A128B7D973}.Release|Any CPU.ActiveCfg = Release|Any CPU
		{DDBFBDC8-8B91-4A0B-90EC-B3A128B7D973}.Release|Any CPU.Build.0 = Release|Any CPU
		{A4341878-79F5-41E4-9A2B-17CB3EE2FF23}.Debug|Any CPU.ActiveCfg = Debug|Any CPU
		{A4341878-79F5-41E4-9A2B-17CB3EE2FF23}.Debug|Any CPU.Build.0 = Debug|Any CPU
		{A4341878-79F5-41E4-9A2B-17CB3EE2FF23}.Release|Any CPU.ActiveCfg = Release|Any CPU
		{A4341878-79F5-41E4-9A2B-17CB3EE2FF23}.Release|Any CPU.Build.0 = Release|Any CPU
		{773DC5F0-3ABE-4169-BD3E-62447EA6AC3E}.Debug|Any CPU.ActiveCfg = Debug|Any CPU
		{773DC5F0-3ABE-4169-BD3E-62447EA6AC3E}.Debug|Any CPU.Build.0 = Debug|Any CPU
		{773DC5F0-3ABE-4169-BD3E-62447EA6AC3E}.Release|Any CPU.ActiveCfg = Release|Any CPU
		{773DC5F0-3ABE-4169-BD3E-62447EA6AC3E}.Release|Any CPU.Build.0 = Release|Any CPU
	EndGlobalSection
	GlobalSection(SolutionProperties) = preSolution
		HideSolutionNode = FALSE
	EndGlobalSection
	GlobalSection(ExtensibilityGlobals) = postSolution
		SolutionGuid = {C5FFA631-BB50-414C-9A0E-789879C69544}
	EndGlobalSection
EndGlobal
