
Microsoft Visual Studio Solution File, Format Version 12.00
# Visual Studio 15
VisualStudioVersion = 15.0.28307.168
MinimumVisualStudioVersion = 10.0.40219.1
Project("{9A19103F-16F7-4668-BE54-9A1E7A4F7556}") = "SearchServices", "SearchServices\SearchServices.csproj", "{6925AADA-62AF-4EEA-AB88-555BDB6BFC77}"
EndProject
Project("{9A19103F-16F7-4668-BE54-9A1E7A4F7556}") = "NameSearchTests", "NameSearchTests\NameSearchTests.csproj", "{FA56C137-3CFA-4CB7-8C12-D4175D782853}"
EndProject
Project("{9A19103F-16F7-4668-BE54-9A1E7A4F7556}") = "Text_Name_Search", "Text_Name_Search\Text_Name_Search.csproj", "{C6F230CA-EB96-482D-902D-D5C9FA074675}"
EndProject
Project("{FAE04EC0-301F-11D3-BF4B-00C04F79EFBC}") = "SupportServices", "SupportServices\SupportServices.csproj", "{7B67E15D-00B3-45DA-89F1-F31FAD6FDA23}"
EndProject
Global
	GlobalSection(SolutionConfigurationPlatforms) = preSolution
		Debug|Any CPU = Debug|Any CPU
		Release|Any CPU = Release|Any CPU
	EndGlobalSection
	GlobalSection(ProjectConfigurationPlatforms) = postSolution
		{6925AADA-62AF-4EEA-AB88-555BDB6BFC77}.Debug|Any CPU.ActiveCfg = Debug|Any CPU
		{6925AADA-62AF-4EEA-AB88-555BDB6BFC77}.Debug|Any CPU.Build.0 = Debug|Any CPU
		{6925AADA-62AF-4EEA-AB88-555BDB6BFC77}.Release|Any CPU.ActiveCfg = Release|Any CPU
		{6925AADA-62AF-4EEA-AB88-555BDB6BFC77}.Release|Any CPU.Build.0 = Release|Any CPU
		{FA56C137-3CFA-4CB7-8C12-D4175D782853}.Debug|Any CPU.ActiveCfg = Debug|Any CPU
		{FA56C137-3CFA-4CB7-8C12-D4175D782853}.Debug|Any CPU.Build.0 = Debug|Any CPU
		{FA56C137-3CFA-4CB7-8C12-D4175D782853}.Release|Any CPU.ActiveCfg = Release|Any CPU
		{FA56C137-3CFA-4CB7-8C12-D4175D782853}.Release|Any CPU.Build.0 = Release|Any CPU
		{C6F230CA-EB96-482D-902D-D5C9FA074675}.Debug|Any CPU.ActiveCfg = Debug|Any CPU
		{C6F230CA-EB96-482D-902D-D5C9FA074675}.Debug|Any CPU.Build.0 = Debug|Any CPU
		{C6F230CA-EB96-482D-902D-D5C9FA074675}.Release|Any CPU.ActiveCfg = Release|Any CPU
		{C6F230CA-EB96-482D-902D-D5C9FA074675}.Release|Any CPU.Build.0 = Release|Any CPU
		{7B67E15D-00B3-45DA-89F1-F31FAD6FDA23}.Debug|Any CPU.ActiveCfg = Debug|Any CPU
		{7B67E15D-00B3-45DA-89F1-F31FAD6FDA23}.Debug|Any CPU.Build.0 = Debug|Any CPU
		{7B67E15D-00B3-45DA-89F1-F31FAD6FDA23}.Release|Any CPU.ActiveCfg = Release|Any CPU
		{7B67E15D-00B3-45DA-89F1-F31FAD6FDA23}.Release|Any CPU.Build.0 = Release|Any CPU
	EndGlobalSection
	GlobalSection(SolutionProperties) = preSolution
		HideSolutionNode = FALSE
	EndGlobalSection
	GlobalSection(ExtensibilityGlobals) = postSolution
		SolutionGuid = {8528F2E0-41ED-4E1C-AD49-FED046E3C0EE}
	EndGlobalSection
EndGlobal
