
Microsoft Visual Studio Solution File, Format Version 12.00
# Visual Studio 15
VisualStudioVersion = 15.0.28010.2048
MinimumVisualStudioVersion = 10.0.40219.1
Project("{2150E333-8FDC-42A3-9474-1A3956D46DE8}") = "Database", "Database", "{33726231-2C51-4AAA-85EF-9352CF8C43C8}"
EndProject
Project("{2150E333-8FDC-42A3-9474-1A3956D46DE8}") = "Platform", "Platform", "{825C116F-F20C-4024-B3FE-674379B010E2}"
EndProject
Project("{9A19103F-16F7-4668-BE54-9A1E7A4F7556}") = "App.DataStore", "Components\DataStore\App.DataStore.csproj", "{2886A5C4-D358-4007-99C5-AEF9672C5FEB}"
EndProject
Project("{9A19103F-16F7-4668-BE54-9A1E7A4F7556}") = "App.Core", "Components\Core\App.Core.csproj", "{DB8EEA76-4F89-4048-9D44-3903B57B9E28}"
EndProject
Project("{9A19103F-16F7-4668-BE54-9A1E7A4F7556}") = "App.Contracts", "Components\App.Contracts\App.Contracts.csproj", "{2C1847E7-D2BE-4944-BE7F-DD3D489B61C7}"
EndProject
Project("{9A19103F-16F7-4668-BE54-9A1E7A4F7556}") = "App.Entities", "Components\App.Entities\App.Entities.csproj", "{59EA41B5-ADA4-4410-A462-1D0AEC4D98A1}"
EndProject
Project("{2150E333-8FDC-42A3-9474-1A3956D46DE8}") = "Analyzers", "Analyzers", "{72007226-E5D8-42FA-A48C-9C434BB8E1B6}"
	ProjectSection(SolutionItems) = preProject
		Analyzers\stylecop.json = Analyzers\stylecop.json
		Analyzers\Stylecop.ruleset = Analyzers\Stylecop.ruleset
	EndProjectSection
EndProject
Project("{9A19103F-16F7-4668-BE54-9A1E7A4F7556}") = "App.Managers", "Components\App.Managers\App.Managers.csproj", "{D7AB015C-FE14-4108-85B7-293256275B22}"
EndProject
Project("{2150E333-8FDC-42A3-9474-1A3956D46DE8}") = "Web", "Web", "{B1CEFAE3-09A2-4007-8259-395DC529CC17}"
EndProject
Project("{9A19103F-16F7-4668-BE54-9A1E7A4F7556}") = "Api", "Web\Api\Api.csproj", "{A7153434-8334-48FB-800B-FB208289C310}"
EndProject
Project("{9A19103F-16F7-4668-BE54-9A1E7A4F7556}") = "App.Exceptions", "Components\Exceptions\App.Exceptions.csproj", "{5FA15805-51B0-4843-B3E6-E4F63BC1349A}"
EndProject
Project("{9A19103F-16F7-4668-BE54-9A1E7A4F7556}") = "App.HttpClient", "Components\Http\App.HttpClient.csproj", "{4B8CF85B-56C4-46C1-837C-657EDC3D958B}"
EndProject
Project("{9A19103F-16F7-4668-BE54-9A1E7A4F7556}") = "App.Configuration", "Components\Configuration\App.Configuration.csproj", "{A30DEE80-E989-4407-946D-AFE8EC691A8F}"
EndProject
Project("{2150E333-8FDC-42A3-9474-1A3956D46DE8}") = "Membership", "Membership", "{C4E13ED9-D4E5-46E9-B038-B50CD3FF1E71}"
EndProject
Project("{9A19103F-16F7-4668-BE54-9A1E7A4F7556}") = "App.Membership", "Membership\App.Membership\App.Membership.csproj", "{1C6508A7-0023-4390-8AB4-1EB6219038D1}"
EndProject
Project("{00D1A9C2-B5F0-4AF3-8072-F6C62B433612}") = "App.Membership", "Database\Membership\App.Membership.sqlproj", "{9F1E9699-3FF0-490E-86D9-5AA4D8E410B9}"
EndProject
Project("{00D1A9C2-B5F0-4AF3-8072-F6C62B433612}") = "App.Platform", "Database\Platform\App.Platform.sqlproj", "{CC71D6BC-C633-415C-902F-193BD3675312}"
EndProject
Project("{2150E333-8FDC-42A3-9474-1A3956D46DE8}") = "Logic", "Logic", "{956A64D2-1B30-4F47-8726-93BEABC73021}"
EndProject
Project("{9A19103F-16F7-4668-BE54-9A1E7A4F7556}") = "App.Logic", "Components\App.Logic\App.Logic.csproj", "{6EF7C21A-CC9B-48C9-8B96-347C4A3CE148}"
EndProject
Global
	GlobalSection(SolutionConfigurationPlatforms) = preSolution
		Debug|Any CPU = Debug|Any CPU
		Release|Any CPU = Release|Any CPU
	EndGlobalSection
	GlobalSection(ProjectConfigurationPlatforms) = postSolution
		{2886A5C4-D358-4007-99C5-AEF9672C5FEB}.Debug|Any CPU.ActiveCfg = Debug|Any CPU
		{2886A5C4-D358-4007-99C5-AEF9672C5FEB}.Debug|Any CPU.Build.0 = Debug|Any CPU
		{2886A5C4-D358-4007-99C5-AEF9672C5FEB}.Release|Any CPU.ActiveCfg = Release|Any CPU
		{2886A5C4-D358-4007-99C5-AEF9672C5FEB}.Release|Any CPU.Build.0 = Release|Any CPU
		{DB8EEA76-4F89-4048-9D44-3903B57B9E28}.Debug|Any CPU.ActiveCfg = Debug|Any CPU
		{DB8EEA76-4F89-4048-9D44-3903B57B9E28}.Debug|Any CPU.Build.0 = Debug|Any CPU
		{DB8EEA76-4F89-4048-9D44-3903B57B9E28}.Release|Any CPU.ActiveCfg = Release|Any CPU
		{DB8EEA76-4F89-4048-9D44-3903B57B9E28}.Release|Any CPU.Build.0 = Release|Any CPU
		{2C1847E7-D2BE-4944-BE7F-DD3D489B61C7}.Debug|Any CPU.ActiveCfg = Debug|Any CPU
		{2C1847E7-D2BE-4944-BE7F-DD3D489B61C7}.Debug|Any CPU.Build.0 = Debug|Any CPU
		{2C1847E7-D2BE-4944-BE7F-DD3D489B61C7}.Release|Any CPU.ActiveCfg = Release|Any CPU
		{2C1847E7-D2BE-4944-BE7F-DD3D489B61C7}.Release|Any CPU.Build.0 = Release|Any CPU
		{59EA41B5-ADA4-4410-A462-1D0AEC4D98A1}.Debug|Any CPU.ActiveCfg = Debug|Any CPU
		{59EA41B5-ADA4-4410-A462-1D0AEC4D98A1}.Debug|Any CPU.Build.0 = Debug|Any CPU
		{59EA41B5-ADA4-4410-A462-1D0AEC4D98A1}.Release|Any CPU.ActiveCfg = Release|Any CPU
		{59EA41B5-ADA4-4410-A462-1D0AEC4D98A1}.Release|Any CPU.Build.0 = Release|Any CPU
		{D7AB015C-FE14-4108-85B7-293256275B22}.Debug|Any CPU.ActiveCfg = Debug|Any CPU
		{D7AB015C-FE14-4108-85B7-293256275B22}.Debug|Any CPU.Build.0 = Debug|Any CPU
		{D7AB015C-FE14-4108-85B7-293256275B22}.Release|Any CPU.ActiveCfg = Release|Any CPU
		{D7AB015C-FE14-4108-85B7-293256275B22}.Release|Any CPU.Build.0 = Release|Any CPU
		{A7153434-8334-48FB-800B-FB208289C310}.Debug|Any CPU.ActiveCfg = Debug|Any CPU
		{A7153434-8334-48FB-800B-FB208289C310}.Debug|Any CPU.Build.0 = Debug|Any CPU
		{A7153434-8334-48FB-800B-FB208289C310}.Release|Any CPU.ActiveCfg = Release|Any CPU
		{A7153434-8334-48FB-800B-FB208289C310}.Release|Any CPU.Build.0 = Release|Any CPU
		{5FA15805-51B0-4843-B3E6-E4F63BC1349A}.Debug|Any CPU.ActiveCfg = Debug|Any CPU
		{5FA15805-51B0-4843-B3E6-E4F63BC1349A}.Debug|Any CPU.Build.0 = Debug|Any CPU
		{5FA15805-51B0-4843-B3E6-E4F63BC1349A}.Release|Any CPU.ActiveCfg = Release|Any CPU
		{5FA15805-51B0-4843-B3E6-E4F63BC1349A}.Release|Any CPU.Build.0 = Release|Any CPU
		{4B8CF85B-56C4-46C1-837C-657EDC3D958B}.Debug|Any CPU.ActiveCfg = Debug|Any CPU
		{4B8CF85B-56C4-46C1-837C-657EDC3D958B}.Debug|Any CPU.Build.0 = Debug|Any CPU
		{4B8CF85B-56C4-46C1-837C-657EDC3D958B}.Release|Any CPU.ActiveCfg = Release|Any CPU
		{4B8CF85B-56C4-46C1-837C-657EDC3D958B}.Release|Any CPU.Build.0 = Release|Any CPU
		{A30DEE80-E989-4407-946D-AFE8EC691A8F}.Debug|Any CPU.ActiveCfg = Debug|Any CPU
		{A30DEE80-E989-4407-946D-AFE8EC691A8F}.Debug|Any CPU.Build.0 = Debug|Any CPU
		{A30DEE80-E989-4407-946D-AFE8EC691A8F}.Release|Any CPU.ActiveCfg = Release|Any CPU
		{A30DEE80-E989-4407-946D-AFE8EC691A8F}.Release|Any CPU.Build.0 = Release|Any CPU
		{1C6508A7-0023-4390-8AB4-1EB6219038D1}.Debug|Any CPU.ActiveCfg = Debug|Any CPU
		{1C6508A7-0023-4390-8AB4-1EB6219038D1}.Debug|Any CPU.Build.0 = Debug|Any CPU
		{1C6508A7-0023-4390-8AB4-1EB6219038D1}.Release|Any CPU.ActiveCfg = Release|Any CPU
		{1C6508A7-0023-4390-8AB4-1EB6219038D1}.Release|Any CPU.Build.0 = Release|Any CPU
		{9F1E9699-3FF0-490E-86D9-5AA4D8E410B9}.Debug|Any CPU.ActiveCfg = Debug|Any CPU
		{9F1E9699-3FF0-490E-86D9-5AA4D8E410B9}.Debug|Any CPU.Build.0 = Debug|Any CPU
		{9F1E9699-3FF0-490E-86D9-5AA4D8E410B9}.Debug|Any CPU.Deploy.0 = Debug|Any CPU
		{9F1E9699-3FF0-490E-86D9-5AA4D8E410B9}.Release|Any CPU.ActiveCfg = Release|Any CPU
		{9F1E9699-3FF0-490E-86D9-5AA4D8E410B9}.Release|Any CPU.Build.0 = Release|Any CPU
		{9F1E9699-3FF0-490E-86D9-5AA4D8E410B9}.Release|Any CPU.Deploy.0 = Release|Any CPU
		{CC71D6BC-C633-415C-902F-193BD3675312}.Debug|Any CPU.ActiveCfg = Debug|Any CPU
		{CC71D6BC-C633-415C-902F-193BD3675312}.Debug|Any CPU.Build.0 = Debug|Any CPU
		{CC71D6BC-C633-415C-902F-193BD3675312}.Debug|Any CPU.Deploy.0 = Debug|Any CPU
		{CC71D6BC-C633-415C-902F-193BD3675312}.Release|Any CPU.ActiveCfg = Release|Any CPU
		{CC71D6BC-C633-415C-902F-193BD3675312}.Release|Any CPU.Build.0 = Release|Any CPU
		{CC71D6BC-C633-415C-902F-193BD3675312}.Release|Any CPU.Deploy.0 = Release|Any CPU
		{6EF7C21A-CC9B-48C9-8B96-347C4A3CE148}.Debug|Any CPU.ActiveCfg = Debug|Any CPU
		{6EF7C21A-CC9B-48C9-8B96-347C4A3CE148}.Debug|Any CPU.Build.0 = Debug|Any CPU
		{6EF7C21A-CC9B-48C9-8B96-347C4A3CE148}.Release|Any CPU.ActiveCfg = Release|Any CPU
		{6EF7C21A-CC9B-48C9-8B96-347C4A3CE148}.Release|Any CPU.Build.0 = Release|Any CPU
	EndGlobalSection
	GlobalSection(SolutionProperties) = preSolution
		HideSolutionNode = FALSE
	EndGlobalSection
	GlobalSection(NestedProjects) = preSolution
		{2886A5C4-D358-4007-99C5-AEF9672C5FEB} = {825C116F-F20C-4024-B3FE-674379B010E2}
		{DB8EEA76-4F89-4048-9D44-3903B57B9E28} = {825C116F-F20C-4024-B3FE-674379B010E2}
		{2C1847E7-D2BE-4944-BE7F-DD3D489B61C7} = {825C116F-F20C-4024-B3FE-674379B010E2}
		{59EA41B5-ADA4-4410-A462-1D0AEC4D98A1} = {825C116F-F20C-4024-B3FE-674379B010E2}
		{D7AB015C-FE14-4108-85B7-293256275B22} = {825C116F-F20C-4024-B3FE-674379B010E2}
		{A7153434-8334-48FB-800B-FB208289C310} = {B1CEFAE3-09A2-4007-8259-395DC529CC17}
		{5FA15805-51B0-4843-B3E6-E4F63BC1349A} = {825C116F-F20C-4024-B3FE-674379B010E2}
		{4B8CF85B-56C4-46C1-837C-657EDC3D958B} = {825C116F-F20C-4024-B3FE-674379B010E2}
		{A30DEE80-E989-4407-946D-AFE8EC691A8F} = {825C116F-F20C-4024-B3FE-674379B010E2}
		{1C6508A7-0023-4390-8AB4-1EB6219038D1} = {C4E13ED9-D4E5-46E9-B038-B50CD3FF1E71}
		{9F1E9699-3FF0-490E-86D9-5AA4D8E410B9} = {33726231-2C51-4AAA-85EF-9352CF8C43C8}
		{CC71D6BC-C633-415C-902F-193BD3675312} = {33726231-2C51-4AAA-85EF-9352CF8C43C8}
		{6EF7C21A-CC9B-48C9-8B96-347C4A3CE148} = {956A64D2-1B30-4F47-8726-93BEABC73021}
	EndGlobalSection
	GlobalSection(ExtensibilityGlobals) = postSolution
		SolutionGuid = {83D75DD5-145D-469F-8243-597D08F5F2EF}
	EndGlobalSection
EndGlobal
