
Microsoft Visual Studio Solution File, Format Version 12.00
# Visual Studio 15
VisualStudioVersion = 15.0.28307.421
MinimumVisualStudioVersion = 10.0.40219.1
Project("{E24C65DC-7377-472B-9ABA-BC803B73C61A}") = "TNS", "TNS\", "{64A54EBB-5431-48CD-BA10-78B9BEA28B42}"
	ProjectSection(WebsiteProperties) = preProject
		TargetFrameworkMoniker = ".NETFramework,Version%3Dv4.6.1"
		ProjectReferences = "{c436314c-33f1-4dc3-8a77-5c35080186ed}|TNSLibrary.dll;"
		Debug.AspNetCompiler.VirtualPath = "/localhost_49752"
		Debug.AspNetCompiler.PhysicalPath = "TNS\"
		Debug.AspNetCompiler.TargetPath = "PrecompiledWeb\localhost_49752\"
		Debug.AspNetCompiler.Updateable = "true"
		Debug.AspNetCompiler.ForceOverwrite = "true"
		Debug.AspNetCompiler.FixedNames = "false"
		Debug.AspNetCompiler.Debug = "True"
		Release.AspNetCompiler.VirtualPath = "/localhost_49752"
		Release.AspNetCompiler.PhysicalPath = "TNS\"
		Release.AspNetCompiler.TargetPath = "PrecompiledWeb\localhost_49752\"
		Release.AspNetCompiler.Updateable = "true"
		Release.AspNetCompiler.ForceOverwrite = "true"
		Release.AspNetCompiler.FixedNames = "false"
		Release.AspNetCompiler.Debug = "False"
		VWDPort = "49752"
		SlnRelativePath = "TNS\"
		DefaultWebSiteLanguage = "Visual C#"
	EndProjectSection
EndProject
Project("{FAE04EC0-301F-11D3-BF4B-00C04F79EFBC}") = "TNSLibraryTest", "TNSLibraryTest\TNSLibraryTest.csproj", "{EA878973-1C5F-40BD-B63E-52EEB0A84CDA}"
EndProject
Project("{FAE04EC0-301F-11D3-BF4B-00C04F79EFBC}") = "TNSLibrary", "TNSLibrary\TNSLibrary.csproj", "{C436314C-33F1-4DC3-8A77-5C35080186ED}"
EndProject
Global
	GlobalSection(SolutionConfigurationPlatforms) = preSolution
		Debug|Any CPU = Debug|Any CPU
		Release|Any CPU = Release|Any CPU
	EndGlobalSection
	GlobalSection(ProjectConfigurationPlatforms) = postSolution
		{64A54EBB-5431-48CD-BA10-78B9BEA28B42}.Debug|Any CPU.ActiveCfg = Debug|Any CPU
		{64A54EBB-5431-48CD-BA10-78B9BEA28B42}.Debug|Any CPU.Build.0 = Debug|Any CPU
		{64A54EBB-5431-48CD-BA10-78B9BEA28B42}.Release|Any CPU.ActiveCfg = Debug|Any CPU
		{64A54EBB-5431-48CD-BA10-78B9BEA28B42}.Release|Any CPU.Build.0 = Debug|Any CPU
		{EA878973-1C5F-40BD-B63E-52EEB0A84CDA}.Debug|Any CPU.ActiveCfg = Debug|Any CPU
		{EA878973-1C5F-40BD-B63E-52EEB0A84CDA}.Debug|Any CPU.Build.0 = Debug|Any CPU
		{EA878973-1C5F-40BD-B63E-52EEB0A84CDA}.Release|Any CPU.ActiveCfg = Release|Any CPU
		{EA878973-1C5F-40BD-B63E-52EEB0A84CDA}.Release|Any CPU.Build.0 = Release|Any CPU
		{C436314C-33F1-4DC3-8A77-5C35080186ED}.Debug|Any CPU.ActiveCfg = Debug|Any CPU
		{C436314C-33F1-4DC3-8A77-5C35080186ED}.Debug|Any CPU.Build.0 = Debug|Any CPU
		{C436314C-33F1-4DC3-8A77-5C35080186ED}.Release|Any CPU.ActiveCfg = Release|Any CPU
		{C436314C-33F1-4DC3-8A77-5C35080186ED}.Release|Any CPU.Build.0 = Release|Any CPU
	EndGlobalSection
	GlobalSection(SolutionProperties) = preSolution
		HideSolutionNode = FALSE
	EndGlobalSection
	GlobalSection(ExtensibilityGlobals) = postSolution
		SolutionGuid = {9C1E39AA-B741-4CBB-B50E-E5EF1C18BA2D}
	EndGlobalSection
EndGlobal
