
Microsoft Visual Studio Solution File, Format Version 12.00
# Visual Studio 14
VisualStudioVersion = 14.0.25420.1
MinimumVisualStudioVersion = 10.0.40219.1
Project("{FAE04EC0-301F-11D3-BF4B-00C04F79EFBC}") = "EmployeeSearch.UI", "EmployeeSearch\EmployeeSearch.UI.csproj", "{C3A856A3-58F4-4202-ACF6-4B832B8C8A02}"
EndProject
Project("{FAE04EC0-301F-11D3-BF4B-00C04F79EFBC}") = "EmployeeSearch.Models", "EmployeeSearch.Models\EmployeeSearch.Models.csproj", "{9A54F1B2-FCCF-4DF7-BED5-64CF8493CEA5}"
EndProject
Project("{FAE04EC0-301F-11D3-BF4B-00C04F79EFBC}") = "EmployeeSearch.Data", "EmployeeSearch.Data\EmployeeSearch.Data.csproj", "{AC12E9D7-0384-490E-A690-B365B2783A81}"
EndProject
Global
	GlobalSection(SolutionConfigurationPlatforms) = preSolution
		Debug|Any CPU = Debug|Any CPU
		Release|Any CPU = Release|Any CPU
	EndGlobalSection
	GlobalSection(ProjectConfigurationPlatforms) = postSolution
		{C3A856A3-58F4-4202-ACF6-4B832B8C8A02}.Debug|Any CPU.ActiveCfg = Debug|Any CPU
		{C3A856A3-58F4-4202-ACF6-4B832B8C8A02}.Debug|Any CPU.Build.0 = Debug|Any CPU
		{C3A856A3-58F4-4202-ACF6-4B832B8C8A02}.Release|Any CPU.ActiveCfg = Release|Any CPU
		{C3A856A3-58F4-4202-ACF6-4B832B8C8A02}.Release|Any CPU.Build.0 = Release|Any CPU
		{9A54F1B2-FCCF-4DF7-BED5-64CF8493CEA5}.Debug|Any CPU.ActiveCfg = Debug|Any CPU
		{9A54F1B2-FCCF-4DF7-BED5-64CF8493CEA5}.Debug|Any CPU.Build.0 = Debug|Any CPU
		{9A54F1B2-FCCF-4DF7-BED5-64CF8493CEA5}.Release|Any CPU.ActiveCfg = Release|Any CPU
		{9A54F1B2-FCCF-4DF7-BED5-64CF8493CEA5}.Release|Any CPU.Build.0 = Release|Any CPU
		{AC12E9D7-0384-490E-A690-B365B2783A81}.Debug|Any CPU.ActiveCfg = Debug|Any CPU
		{AC12E9D7-0384-490E-A690-B365B2783A81}.Debug|Any CPU.Build.0 = Debug|Any CPU
		{AC12E9D7-0384-490E-A690-B365B2783A81}.Release|Any CPU.ActiveCfg = Release|Any CPU
		{AC12E9D7-0384-490E-A690-B365B2783A81}.Release|Any CPU.Build.0 = Release|Any CPU
	EndGlobalSection
	GlobalSection(SolutionProperties) = preSolution
		HideSolutionNode = FALSE
	EndGlobalSection
EndGlobal
